
Microsoft Visual Studio Solution File, Format Version 12.00
# Visual Studio 15
VisualStudioVersion = 15.0.28010.2003
MinimumVisualStudioVersion = 10.0.40219.1
Project("{8BC9CEB8-8B4A-11D0-8D11-00A0C91BC942}") = "Basic-Ogre-V1-App", "Basic-Ogre-V1-App\Basic-Ogre-V1-App.vcxproj", "{61F0BE1F-5B5D-4A0E-BA14-69FD01CC67A2}"
EndProject
Global
	GlobalSection(SolutionConfigurationPlatforms) = preSolution
		Debug|Any CPU = Debug|Any CPU
		Debug|Mixed Platforms = Debug|Mixed Platforms
		Debug|Win32 = Debug|Win32
		Debug|x64 = Debug|x64
		Release|Any CPU = Release|Any CPU
		Release|Mixed Platforms = Release|Mixed Platforms
		Release|Win32 = Release|Win32
		Release|x64 = Release|x64
	EndGlobalSection
	GlobalSection(ProjectConfigurationPlatforms) = postSolution
		{61F0BE1F-5B5D-4A0E-BA14-69FD01CC67A2}.Debug|Any CPU.ActiveCfg = Debug|Win32
		{61F0BE1F-5B5D-4A0E-BA14-69FD01CC67A2}.Debug|Mixed Platforms.ActiveCfg = Debug|Win32
		{61F0BE1F-5B5D-4A0E-BA14-69FD01CC67A2}.Debug|Mixed Platforms.Build.0 = Debug|Win32
		{61F0BE1F-5B5D-4A0E-BA14-69FD01CC67A2}.Debug|Win32.ActiveCfg = Debug|Win32
		{61F0BE1F-5B5D-4A0E-BA14-69FD01CC67A2}.Debug|Win32.Build.0 = Debug|Win32
		{61F0BE1F-5B5D-4A0E-BA14-69FD01CC67A2}.Debug|x64.ActiveCfg = Debug|Win32
		{61F0BE1F-5B5D-4A0E-BA14-69FD01CC67A2}.Release|Any CPU.ActiveCfg = Release|Win32
		{61F0BE1F-5B5D-4A0E-BA14-69FD01CC67A2}.Release|Mixed Platforms.ActiveCfg = Release|Win32
		{61F0BE1F-5B5D-4A0E-BA14-69FD01CC67A2}.Release|Mixed Platforms.Build.0 = Release|Win32
		{61F0BE1F-5B5D-4A0E-BA14-69FD01CC67A2}.Release|Win32.ActiveCfg = Release|Win32
		{61F0BE1F-5B5D-4A0E-BA14-69FD01CC67A2}.Release|Win32.Build.0 = Release|Win32
		{61F0BE1F-5B5D-4A0E-BA14-69FD01CC67A2}.Release|x64.ActiveCfg = Release|Win32
	EndGlobalSection
	GlobalSection(SolutionProperties) = preSolution
		HideSolutionNode = FALSE
	EndGlobalSection
	GlobalSection(ExtensibilityGlobals) = postSolution
		SolutionGuid = {C9CC0D53-AD33-441A-9A4D-069D0F1F1922}
	EndGlobalSection
EndGlobal
